
Microsoft Visual Studio Solution File, Format Version 12.00
# Visual Studio Version 17
VisualStudioVersion = 17.1.32328.378
MinimumVisualStudioVersion = 10.0.40219.1
Project("{8BC9CEB8-8B4A-11D0-8D11-00A0C91BC942}") = "zadanie 7", "zadanie 7\zadanie 7.vcxproj", "{E17F4A0B-7486-451C-ACEA-9BBE6108CB0D}"
EndProject
Project("{8BC9CEB8-8B4A-11D0-8D11-00A0C91BC942}") = "zadanie 10", "zadanie 10\zadanie 10.vcxproj", "{BB77E495-561F-4FFC-9EE8-4116FAC86DE1}"
EndProject
Project("{8BC9CEB8-8B4A-11D0-8D11-00A0C91BC942}") = "zadanie 11", "zadanie 11\zadanie 11.vcxproj", "{45CA50D0-7DEA-43C1-8DC0-27832CEA5291}"
EndProject
Project("{8BC9CEB8-8B4A-11D0-8D11-00A0C91BC942}") = "zadanie 13", "zadanie 13\zadanie 13.vcxproj", "{D633DE40-F33F-4357-9183-38AE048B845E}"
EndProject
Project("{8BC9CEB8-8B4A-11D0-8D11-00A0C91BC942}") = "zadanie 14", "zadanie 14\zadanie 14.vcxproj", "{5CEA48D9-50B2-420E-9C07-BF7E8BBA1CF1}"
EndProject
Project("{8BC9CEB8-8B4A-11D0-8D11-00A0C91BC942}") = "zadanie 15", "zadanie 15\zadanie 15.vcxproj", "{E81CA9F6-F433-4BA5-A1EE-49C675753EAE}"
EndProject
Project("{8BC9CEB8-8B4A-11D0-8D11-00A0C91BC942}") = "zadanie 1", "zadanie 1\zadanie 1.vcxproj", "{01D0772D-6014-4F5D-A146-B67676CEA226}"
EndProject
Project("{8BC9CEB8-8B4A-11D0-8D11-00A0C91BC942}") = "zadanie 6", "zadanie 6\zadanie 6.vcxproj", "{A772F280-A86A-48A9-A3AB-1FBF2654A77C}"
EndProject
Project("{8BC9CEB8-8B4A-11D0-8D11-00A0C91BC942}") = "zadanie 8", "zadanie 8\zadanie 8.vcxproj", "{6682D5A3-576F-4037-9AAC-80E70C24E52C}"
EndProject
Project("{8BC9CEB8-8B4A-11D0-8D11-00A0C91BC942}") = "zadanie 9", "zadanie 9\zadanie 9.vcxproj", "{E0FA74F9-1BE7-4BB8-B069-852EB1AF2B37}"
EndProject
Project("{8BC9CEB8-8B4A-11D0-8D11-00A0C91BC942}") = "zadanie 12", "zadanie 12\zadanie12.vcxproj", "{EB17DBEF-E419-40B6-8955-346274044761}"
EndProject
Project("{8BC9CEB8-8B4A-11D0-8D11-00A0C91BC942}") = "zadanie 16", "zadanie 16\zadanie 16.vcxproj", "{72CAF0F2-9729-48FE-886F-64CF200AFA1F}"
EndProject
Project("{8BC9CEB8-8B4A-11D0-8D11-00A0C91BC942}") = "zadanie 17", "zadanie 17\zadanie 17.vcxproj", "{0E87F5E7-90F1-43BD-83C8-1AE166EB165C}"
EndProject
Project("{8BC9CEB8-8B4A-11D0-8D11-00A0C91BC942}") = "zadanie 18", "zadanie 18\zadanie 18.vcxproj", "{8AAEF461-F180-4DAD-B7E7-EC778A011DDC}"
EndProject
Project("{8BC9CEB8-8B4A-11D0-8D11-00A0C91BC942}") = "zadanie 19", "zadanie 19\zadanie 19.vcxproj", "{CEF29C08-916D-4B38-B2D6-67D0F073E3E4}"
EndProject
Project("{8BC9CEB8-8B4A-11D0-8D11-00A0C91BC942}") = "zadanie 20", "zadanie 20\zadanie 20.vcxproj", "{A7A7696F-09C3-4E96-B73F-96001C761CD6}"
EndProject
Project("{8BC9CEB8-8B4A-11D0-8D11-00A0C91BC942}") = "zadanie 22", "zadanie 22\zadanie 22.vcxproj", "{B295FE6E-F454-45D3-B667-FD8CC983D6BB}"
EndProject
Project("{8BC9CEB8-8B4A-11D0-8D11-00A0C91BC942}") = "zadanie 24", "zadanie 24\zadanie 24.vcxproj", "{C2424191-AAEB-4287-9AA6-9C4E6348C805}"
EndProject
Project("{8BC9CEB8-8B4A-11D0-8D11-00A0C91BC942}") = "zadanie 25", "zadanie 25\zadanie 25.vcxproj", "{7BFE7395-CEFB-4846-98F6-5CD3BB895A51}"
EndProject
Project("{8BC9CEB8-8B4A-11D0-8D11-00A0C91BC942}") = "zadanie 21", "zadanie 21\zadanie 21.vcxproj", "{570D747E-ECE4-4E2F-921D-A7314DE0B3DD}"
EndProject
Project("{8BC9CEB8-8B4A-11D0-8D11-00A0C91BC942}") = "zadanie 23", "zadanie 23\zadanie 23.vcxproj", "{0E329D0B-7BBA-45CC-85F1-384D59A6115B}"
EndProject
Project("{8BC9CEB8-8B4A-11D0-8D11-00A0C91BC942}") = "zadanie 12 z funkcja", "zadanie 12 z funkcja\zadanie 12 z funkcja.vcxproj", "{ADE3BDDA-EA38-463E-A120-225E1CE026A0}"
EndProject
Project("{8BC9CEB8-8B4A-11D0-8D11-00A0C91BC942}") = "Funkcje", "Funkcje\Funkcje.vcxproj", "{7CF0D758-F337-426C-AD4E-4C4EB98349AF}"
EndProject
Project("{8BC9CEB8-8B4A-11D0-8D11-00A0C91BC942}") = "zadanie 22 z funkcja", "zadanie 22 z funkcja\zadanie 22 z funkcja.vcxproj", "{8EF0F54D-2E29-4C97-B39E-CE4F71C2DBD3}"
EndProject
Project("{8BC9CEB8-8B4A-11D0-8D11-00A0C91BC942}") = "zadanie 27", "zadanie 27\zadanie 27.vcxproj", "{A668F148-837F-4022-9611-54EFA79AD7EA}"
EndProject
Project("{8BC9CEB8-8B4A-11D0-8D11-00A0C91BC942}") = "zadanie 28", "zadanie 28\zadanie 28.vcxproj", "{47C3BACE-752A-4381-AC38-8B1C99146B9F}"
EndProject
Project("{8BC9CEB8-8B4A-11D0-8D11-00A0C91BC942}") = "zadanie 29", "zadanie 29\zadanie 29.vcxproj", "{8305A84D-9349-47CB-8929-B373A8A20CA6}"
EndProject
Project("{8BC9CEB8-8B4A-11D0-8D11-00A0C91BC942}") = "Zadanie 30", "Zadanie 30\Zadanie 30.vcxproj", "{F8483445-E119-4ED0-ADA7-D4A405B95D09}"
EndProject
Project("{8BC9CEB8-8B4A-11D0-8D11-00A0C91BC942}") = "zadanie 31", "zadanie 31\zadanie 31.vcxproj", "{80061862-27CA-4960-883B-32111A0BA998}"
EndProject
Project("{8BC9CEB8-8B4A-11D0-8D11-00A0C91BC942}") = "zadanie 32", "zadanie 32\zadanie 32.vcxproj", "{6161A15A-D43D-4628-BCF6-A5697BBBD230}"
EndProject
Project("{8BC9CEB8-8B4A-11D0-8D11-00A0C91BC942}") = "zadanie 33", "zadanie 33\zadanie 33.vcxproj", "{26958E2E-E226-4D86-A14B-158F2BA86637}"
EndProject
Project("{8BC9CEB8-8B4A-11D0-8D11-00A0C91BC942}") = "zadanie 34", "zadanie 34\zadanie 34.vcxproj", "{8D776403-14A5-4A1E-8BF1-C1169EF61111}"
EndProject
Project("{8BC9CEB8-8B4A-11D0-8D11-00A0C91BC942}") = "Brudnopis", "Brudnopis\Brudnopis.vcxproj", "{9B35AB0F-9A97-45F8-9E69-790BA2282BE2}"
EndProject
Project("{8BC9CEB8-8B4A-11D0-8D11-00A0C91BC942}") = "zadanie 35", "zadanie 35\zadanie 35.vcxproj", "{5F92ED1F-A06C-45A4-A6F9-A6F388F952AB}"
EndProject
Project("{8BC9CEB8-8B4A-11D0-8D11-00A0C91BC942}") = "zadanie 37", "zadanie 37\zadanie 37.vcxproj", "{48F92719-FA23-41EF-80A5-35F043B05794}"
EndProject
Project("{8BC9CEB8-8B4A-11D0-8D11-00A0C91BC942}") = "zadanie 41", "zadanie 41\zadanie 41.vcxproj", "{E6D2E30E-1DC4-4717-BECE-0387757C921D}"
EndProject
Project("{8BC9CEB8-8B4A-11D0-8D11-00A0C91BC942}") = "zadanie 33a", "zadanie 33a\zadanie 33a.vcxproj", "{BA954984-56DD-4BBD-95B2-C59F71DC9A09}"
EndProject
Project("{8BC9CEB8-8B4A-11D0-8D11-00A0C91BC942}") = "zadanie 36", "zadanie 36\zadanie 36.vcxproj", "{0D3A35A8-CA98-45DA-8988-C6E42AFC06EF}"
EndProject
Project("{8BC9CEB8-8B4A-11D0-8D11-00A0C91BC942}") = "zadanie 37a", "zadanie 37a\zadanie 37a.vcxproj", "{20404A48-3A9E-4BD2-89A4-5D7ED0389A22}"
EndProject
Project("{8BC9CEB8-8B4A-11D0-8D11-00A0C91BC942}") = "zadanie 37a rok przystepny", "zadanie 37a rok przystepny\zadanie 37a rok przystepny.vcxproj", "{7040F00D-84EE-4032-BD6C-5CB40320A28F}"
EndProject
Project("{8BC9CEB8-8B4A-11D0-8D11-00A0C91BC942}") = "zadanie 39 tablice", "zadanie 39 tablice\zadanie 39 tablice.vcxproj", "{D56D6728-595E-4627-BCCE-CCE50E339C46}"
EndProject
Project("{8BC9CEB8-8B4A-11D0-8D11-00A0C91BC942}") = "zadanie 42", "zadanie 42\zadanie 42.vcxproj", "{2784FF7F-DB6A-4C69-8D1D-137F28C19FD7}"
EndProject
Project("{8BC9CEB8-8B4A-11D0-8D11-00A0C91BC942}") = "zadanie 44", "zadanie 44\zadanie 44.vcxproj", "{6F679DB9-240A-4625-8BD4-86E8A6E95E00}"
EndProject
Project("{8BC9CEB8-8B4A-11D0-8D11-00A0C91BC942}") = "zadanie 45", "zadanie 45\zadanie 45.vcxproj", "{E56D765F-E4BC-40E4-AA29-232C01EFC110}"
EndProject
Project("{8BC9CEB8-8B4A-11D0-8D11-00A0C91BC942}") = "zadanie 46", "zadanie 46\zadanie 46.vcxproj", "{EC3B9AE0-8CD9-42E2-AE08-7F973D010FB8}"
EndProject
Project("{8BC9CEB8-8B4A-11D0-8D11-00A0C91BC942}") = "zadanie 47", "zadanie 47\zadanie 47.vcxproj", "{D977C379-3815-428C-B85C-F85F030D7ABB}"
EndProject
Project("{8BC9CEB8-8B4A-11D0-8D11-00A0C91BC942}") = "zadanie 51", "zadanie 51\zadanie 51.vcxproj", "{26806030-7874-4D64-8425-D68A868FD4A0}"
EndProject
Project("{8BC9CEB8-8B4A-11D0-8D11-00A0C91BC942}") = "zadanie 52", "zadanie 52\zadanie 52.vcxproj", "{651A3722-1FCB-4A65-9060-D0AC9B05B1E5}"
EndProject
Project("{8BC9CEB8-8B4A-11D0-8D11-00A0C91BC942}") = "zadanie_38", "zadanie_38\zadanie_38.vcxproj", "{00605398-A130-4719-B926-D926DF97C18F}"
EndProject
Project("{8BC9CEB8-8B4A-11D0-8D11-00A0C91BC942}") = "zadanie 40", "zadanie 40\zadanie 40.vcxproj", "{4C03BB7D-4974-4688-83E6-2BD0D39BB0C5}"
EndProject
Project("{8BC9CEB8-8B4A-11D0-8D11-00A0C91BC942}") = "zadanie 54", "zadanie 54\zadanie 54.vcxproj", "{EE6A95DD-4C55-42BC-9235-5C16D81989F8}"
EndProject
Project("{8BC9CEB8-8B4A-11D0-8D11-00A0C91BC942}") = "zadanie 5", "zadanie 5\zadanie 5.vcxproj", "{FB6BFE01-6955-47B8-AC35-9ABFDEEF8023}"
EndProject
Global
	GlobalSection(SolutionConfigurationPlatforms) = preSolution
		Debug|x64 = Debug|x64
		Debug|x86 = Debug|x86
		Release|x64 = Release|x64
		Release|x86 = Release|x86
	EndGlobalSection
	GlobalSection(ProjectConfigurationPlatforms) = postSolution
		{E17F4A0B-7486-451C-ACEA-9BBE6108CB0D}.Debug|x64.ActiveCfg = Debug|x64
		{E17F4A0B-7486-451C-ACEA-9BBE6108CB0D}.Debug|x64.Build.0 = Debug|x64
		{E17F4A0B-7486-451C-ACEA-9BBE6108CB0D}.Debug|x86.ActiveCfg = Debug|Win32
		{E17F4A0B-7486-451C-ACEA-9BBE6108CB0D}.Debug|x86.Build.0 = Debug|Win32
		{E17F4A0B-7486-451C-ACEA-9BBE6108CB0D}.Release|x64.ActiveCfg = Release|x64
		{E17F4A0B-7486-451C-ACEA-9BBE6108CB0D}.Release|x64.Build.0 = Release|x64
		{E17F4A0B-7486-451C-ACEA-9BBE6108CB0D}.Release|x86.ActiveCfg = Release|Win32
		{E17F4A0B-7486-451C-ACEA-9BBE6108CB0D}.Release|x86.Build.0 = Release|Win32
		{BB77E495-561F-4FFC-9EE8-4116FAC86DE1}.Debug|x64.ActiveCfg = Debug|x64
		{BB77E495-561F-4FFC-9EE8-4116FAC86DE1}.Debug|x64.Build.0 = Debug|x64
		{BB77E495-561F-4FFC-9EE8-4116FAC86DE1}.Debug|x86.ActiveCfg = Debug|Win32
		{BB77E495-561F-4FFC-9EE8-4116FAC86DE1}.Debug|x86.Build.0 = Debug|Win32
		{BB77E495-561F-4FFC-9EE8-4116FAC86DE1}.Release|x64.ActiveCfg = Release|x64
		{BB77E495-561F-4FFC-9EE8-4116FAC86DE1}.Release|x64.Build.0 = Release|x64
		{BB77E495-561F-4FFC-9EE8-4116FAC86DE1}.Release|x86.ActiveCfg = Release|Win32
		{BB77E495-561F-4FFC-9EE8-4116FAC86DE1}.Release|x86.Build.0 = Release|Win32
		{45CA50D0-7DEA-43C1-8DC0-27832CEA5291}.Debug|x64.ActiveCfg = Debug|x64
		{45CA50D0-7DEA-43C1-8DC0-27832CEA5291}.Debug|x64.Build.0 = Debug|x64
		{45CA50D0-7DEA-43C1-8DC0-27832CEA5291}.Debug|x86.ActiveCfg = Debug|Win32
		{45CA50D0-7DEA-43C1-8DC0-27832CEA5291}.Debug|x86.Build.0 = Debug|Win32
		{45CA50D0-7DEA-43C1-8DC0-27832CEA5291}.Release|x64.ActiveCfg = Release|x64
		{45CA50D0-7DEA-43C1-8DC0-27832CEA5291}.Release|x64.Build.0 = Release|x64
		{45CA50D0-7DEA-43C1-8DC0-27832CEA5291}.Release|x86.ActiveCfg = Release|Win32
		{45CA50D0-7DEA-43C1-8DC0-27832CEA5291}.Release|x86.Build.0 = Release|Win32
		{D633DE40-F33F-4357-9183-38AE048B845E}.Debug|x64.ActiveCfg = Debug|x64
		{D633DE40-F33F-4357-9183-38AE048B845E}.Debug|x64.Build.0 = Debug|x64
		{D633DE40-F33F-4357-9183-38AE048B845E}.Debug|x86.ActiveCfg = Debug|Win32
		{D633DE40-F33F-4357-9183-38AE048B845E}.Debug|x86.Build.0 = Debug|Win32
		{D633DE40-F33F-4357-9183-38AE048B845E}.Release|x64.ActiveCfg = Release|x64
		{D633DE40-F33F-4357-9183-38AE048B845E}.Release|x64.Build.0 = Release|x64
		{D633DE40-F33F-4357-9183-38AE048B845E}.Release|x86.ActiveCfg = Release|Win32
		{D633DE40-F33F-4357-9183-38AE048B845E}.Release|x86.Build.0 = Release|Win32
		{5CEA48D9-50B2-420E-9C07-BF7E8BBA1CF1}.Debug|x64.ActiveCfg = Debug|x64
		{5CEA48D9-50B2-420E-9C07-BF7E8BBA1CF1}.Debug|x64.Build.0 = Debug|x64
		{5CEA48D9-50B2-420E-9C07-BF7E8BBA1CF1}.Debug|x86.ActiveCfg = Debug|Win32
		{5CEA48D9-50B2-420E-9C07-BF7E8BBA1CF1}.Debug|x86.Build.0 = Debug|Win32
		{5CEA48D9-50B2-420E-9C07-BF7E8BBA1CF1}.Release|x64.ActiveCfg = Release|x64
		{5CEA48D9-50B2-420E-9C07-BF7E8BBA1CF1}.Release|x64.Build.0 = Release|x64
		{5CEA48D9-50B2-420E-9C07-BF7E8BBA1CF1}.Release|x86.ActiveCfg = Release|Win32
		{5CEA48D9-50B2-420E-9C07-BF7E8BBA1CF1}.Release|x86.Build.0 = Release|Win32
		{E81CA9F6-F433-4BA5-A1EE-49C675753EAE}.Debug|x64.ActiveCfg = Debug|x64
		{E81CA9F6-F433-4BA5-A1EE-49C675753EAE}.Debug|x64.Build.0 = Debug|x64
		{E81CA9F6-F433-4BA5-A1EE-49C675753EAE}.Debug|x86.ActiveCfg = Debug|Win32
		{E81CA9F6-F433-4BA5-A1EE-49C675753EAE}.Debug|x86.Build.0 = Debug|Win32
		{E81CA9F6-F433-4BA5-A1EE-49C675753EAE}.Release|x64.ActiveCfg = Release|x64
		{E81CA9F6-F433-4BA5-A1EE-49C675753EAE}.Release|x64.Build.0 = Release|x64
		{E81CA9F6-F433-4BA5-A1EE-49C675753EAE}.Release|x86.ActiveCfg = Release|Win32
		{E81CA9F6-F433-4BA5-A1EE-49C675753EAE}.Release|x86.Build.0 = Release|Win32
		{01D0772D-6014-4F5D-A146-B67676CEA226}.Debug|x64.ActiveCfg = Debug|x64
		{01D0772D-6014-4F5D-A146-B67676CEA226}.Debug|x64.Build.0 = Debug|x64
		{01D0772D-6014-4F5D-A146-B67676CEA226}.Debug|x86.ActiveCfg = Debug|Win32
		{01D0772D-6014-4F5D-A146-B67676CEA226}.Debug|x86.Build.0 = Debug|Win32
		{01D0772D-6014-4F5D-A146-B67676CEA226}.Release|x64.ActiveCfg = Release|x64
		{01D0772D-6014-4F5D-A146-B67676CEA226}.Release|x64.Build.0 = Release|x64
		{01D0772D-6014-4F5D-A146-B67676CEA226}.Release|x86.ActiveCfg = Release|Win32
		{01D0772D-6014-4F5D-A146-B67676CEA226}.Release|x86.Build.0 = Release|Win32
		{A772F280-A86A-48A9-A3AB-1FBF2654A77C}.Debug|x64.ActiveCfg = Debug|x64
		{A772F280-A86A-48A9-A3AB-1FBF2654A77C}.Debug|x64.Build.0 = Debug|x64
		{A772F280-A86A-48A9-A3AB-1FBF2654A77C}.Debug|x86.ActiveCfg = Debug|Win32
		{A772F280-A86A-48A9-A3AB-1FBF2654A77C}.Debug|x86.Build.0 = Debug|Win32
		{A772F280-A86A-48A9-A3AB-1FBF2654A77C}.Release|x64.ActiveCfg = Release|x64
		{A772F280-A86A-48A9-A3AB-1FBF2654A77C}.Release|x64.Build.0 = Release|x64
		{A772F280-A86A-48A9-A3AB-1FBF2654A77C}.Release|x86.ActiveCfg = Release|Win32
		{A772F280-A86A-48A9-A3AB-1FBF2654A77C}.Release|x86.Build.0 = Release|Win32
		{6682D5A3-576F-4037-9AAC-80E70C24E52C}.Debug|x64.ActiveCfg = Debug|x64
		{6682D5A3-576F-4037-9AAC-80E70C24E52C}.Debug|x64.Build.0 = Debug|x64
		{6682D5A3-576F-4037-9AAC-80E70C24E52C}.Debug|x86.ActiveCfg = Debug|Win32
		{6682D5A3-576F-4037-9AAC-80E70C24E52C}.Debug|x86.Build.0 = Debug|Win32
		{6682D5A3-576F-4037-9AAC-80E70C24E52C}.Release|x64.ActiveCfg = Release|x64
		{6682D5A3-576F-4037-9AAC-80E70C24E52C}.Release|x64.Build.0 = Release|x64
		{6682D5A3-576F-4037-9AAC-80E70C24E52C}.Release|x86.ActiveCfg = Release|Win32
		{6682D5A3-576F-4037-9AAC-80E70C24E52C}.Release|x86.Build.0 = Release|Win32
		{E0FA74F9-1BE7-4BB8-B069-852EB1AF2B37}.Debug|x64.ActiveCfg = Debug|x64
		{E0FA74F9-1BE7-4BB8-B069-852EB1AF2B37}.Debug|x64.Build.0 = Debug|x64
		{E0FA74F9-1BE7-4BB8-B069-852EB1AF2B37}.Debug|x86.ActiveCfg = Debug|Win32
		{E0FA74F9-1BE7-4BB8-B069-852EB1AF2B37}.Debug|x86.Build.0 = Debug|Win32
		{E0FA74F9-1BE7-4BB8-B069-852EB1AF2B37}.Release|x64.ActiveCfg = Release|x64
		{E0FA74F9-1BE7-4BB8-B069-852EB1AF2B37}.Release|x64.Build.0 = Release|x64
		{E0FA74F9-1BE7-4BB8-B069-852EB1AF2B37}.Release|x86.ActiveCfg = Release|Win32
		{E0FA74F9-1BE7-4BB8-B069-852EB1AF2B37}.Release|x86.Build.0 = Release|Win32
		{EB17DBEF-E419-40B6-8955-346274044761}.Debug|x64.ActiveCfg = Debug|x64
		{EB17DBEF-E419-40B6-8955-346274044761}.Debug|x64.Build.0 = Debug|x64
		{EB17DBEF-E419-40B6-8955-346274044761}.Debug|x86.ActiveCfg = Debug|Win32
		{EB17DBEF-E419-40B6-8955-346274044761}.Debug|x86.Build.0 = Debug|Win32
		{EB17DBEF-E419-40B6-8955-346274044761}.Release|x64.ActiveCfg = Release|x64
		{EB17DBEF-E419-40B6-8955-346274044761}.Release|x64.Build.0 = Release|x64
		{EB17DBEF-E419-40B6-8955-346274044761}.Release|x86.ActiveCfg = Release|Win32
		{EB17DBEF-E419-40B6-8955-346274044761}.Release|x86.Build.0 = Release|Win32
		{72CAF0F2-9729-48FE-886F-64CF200AFA1F}.Debug|x64.ActiveCfg = Debug|x64
		{72CAF0F2-9729-48FE-886F-64CF200AFA1F}.Debug|x64.Build.0 = Debug|x64
		{72CAF0F2-9729-48FE-886F-64CF200AFA1F}.Debug|x86.ActiveCfg = Debug|Win32
		{72CAF0F2-9729-48FE-886F-64CF200AFA1F}.Debug|x86.Build.0 = Debug|Win32
		{72CAF0F2-9729-48FE-886F-64CF200AFA1F}.Release|x64.ActiveCfg = Release|x64
		{72CAF0F2-9729-48FE-886F-64CF200AFA1F}.Release|x64.Build.0 = Release|x64
		{72CAF0F2-9729-48FE-886F-64CF200AFA1F}.Release|x86.ActiveCfg = Release|Win32
		{72CAF0F2-9729-48FE-886F-64CF200AFA1F}.Release|x86.Build.0 = Release|Win32
		{0E87F5E7-90F1-43BD-83C8-1AE166EB165C}.Debug|x64.ActiveCfg = Debug|x64
		{0E87F5E7-90F1-43BD-83C8-1AE166EB165C}.Debug|x64.Build.0 = Debug|x64
		{0E87F5E7-90F1-43BD-83C8-1AE166EB165C}.Debug|x86.ActiveCfg = Debug|Win32
		{0E87F5E7-90F1-43BD-83C8-1AE166EB165C}.Debug|x86.Build.0 = Debug|Win32
		{0E87F5E7-90F1-43BD-83C8-1AE166EB165C}.Release|x64.ActiveCfg = Release|x64
		{0E87F5E7-90F1-43BD-83C8-1AE166EB165C}.Release|x64.Build.0 = Release|x64
		{0E87F5E7-90F1-43BD-83C8-1AE166EB165C}.Release|x86.ActiveCfg = Release|Win32
		{0E87F5E7-90F1-43BD-83C8-1AE166EB165C}.Release|x86.Build.0 = Release|Win32
		{8AAEF461-F180-4DAD-B7E7-EC778A011DDC}.Debug|x64.ActiveCfg = Debug|x64
		{8AAEF461-F180-4DAD-B7E7-EC778A011DDC}.Debug|x64.Build.0 = Debug|x64
		{8AAEF461-F180-4DAD-B7E7-EC778A011DDC}.Debug|x86.ActiveCfg = Debug|Win32
		{8AAEF461-F180-4DAD-B7E7-EC778A011DDC}.Debug|x86.Build.0 = Debug|Win32
		{8AAEF461-F180-4DAD-B7E7-EC778A011DDC}.Release|x64.ActiveCfg = Release|x64
		{8AAEF461-F180-4DAD-B7E7-EC778A011DDC}.Release|x64.Build.0 = Release|x64
		{8AAEF461-F180-4DAD-B7E7-EC778A011DDC}.Release|x86.ActiveCfg = Release|Win32
		{8AAEF461-F180-4DAD-B7E7-EC778A011DDC}.Release|x86.Build.0 = Release|Win32
		{CEF29C08-916D-4B38-B2D6-67D0F073E3E4}.Debug|x64.ActiveCfg = Debug|x64
		{CEF29C08-916D-4B38-B2D6-67D0F073E3E4}.Debug|x64.Build.0 = Debug|x64
		{CEF29C08-916D-4B38-B2D6-67D0F073E3E4}.Debug|x86.ActiveCfg = Debug|Win32
		{CEF29C08-916D-4B38-B2D6-67D0F073E3E4}.Debug|x86.Build.0 = Debug|Win32
		{CEF29C08-916D-4B38-B2D6-67D0F073E3E4}.Release|x64.ActiveCfg = Release|x64
		{CEF29C08-916D-4B38-B2D6-67D0F073E3E4}.Release|x64.Build.0 = Release|x64
		{CEF29C08-916D-4B38-B2D6-67D0F073E3E4}.Release|x86.ActiveCfg = Release|Win32
		{CEF29C08-916D-4B38-B2D6-67D0F073E3E4}.Release|x86.Build.0 = Release|Win32
		{A7A7696F-09C3-4E96-B73F-96001C761CD6}.Debug|x64.ActiveCfg = Debug|x64
		{A7A7696F-09C3-4E96-B73F-96001C761CD6}.Debug|x64.Build.0 = Debug|x64
		{A7A7696F-09C3-4E96-B73F-96001C761CD6}.Debug|x86.ActiveCfg = Debug|Win32
		{A7A7696F-09C3-4E96-B73F-96001C761CD6}.Debug|x86.Build.0 = Debug|Win32
		{A7A7696F-09C3-4E96-B73F-96001C761CD6}.Release|x64.ActiveCfg = Release|x64
		{A7A7696F-09C3-4E96-B73F-96001C761CD6}.Release|x64.Build.0 = Release|x64
		{A7A7696F-09C3-4E96-B73F-96001C761CD6}.Release|x86.ActiveCfg = Release|Win32
		{A7A7696F-09C3-4E96-B73F-96001C761CD6}.Release|x86.Build.0 = Release|Win32
		{B295FE6E-F454-45D3-B667-FD8CC983D6BB}.Debug|x64.ActiveCfg = Debug|x64
		{B295FE6E-F454-45D3-B667-FD8CC983D6BB}.Debug|x64.Build.0 = Debug|x64
		{B295FE6E-F454-45D3-B667-FD8CC983D6BB}.Debug|x86.ActiveCfg = Debug|Win32
		{B295FE6E-F454-45D3-B667-FD8CC983D6BB}.Debug|x86.Build.0 = Debug|Win32
		{B295FE6E-F454-45D3-B667-FD8CC983D6BB}.Release|x64.ActiveCfg = Release|x64
		{B295FE6E-F454-45D3-B667-FD8CC983D6BB}.Release|x64.Build.0 = Release|x64
		{B295FE6E-F454-45D3-B667-FD8CC983D6BB}.Release|x86.ActiveCfg = Release|Win32
		{B295FE6E-F454-45D3-B667-FD8CC983D6BB}.Release|x86.Build.0 = Release|Win32
		{C2424191-AAEB-4287-9AA6-9C4E6348C805}.Debug|x64.ActiveCfg = Debug|x64
		{C2424191-AAEB-4287-9AA6-9C4E6348C805}.Debug|x64.Build.0 = Debug|x64
		{C2424191-AAEB-4287-9AA6-9C4E6348C805}.Debug|x86.ActiveCfg = Debug|Win32
		{C2424191-AAEB-4287-9AA6-9C4E6348C805}.Debug|x86.Build.0 = Debug|Win32
		{C2424191-AAEB-4287-9AA6-9C4E6348C805}.Release|x64.ActiveCfg = Release|x64
		{C2424191-AAEB-4287-9AA6-9C4E6348C805}.Release|x64.Build.0 = Release|x64
		{C2424191-AAEB-4287-9AA6-9C4E6348C805}.Release|x86.ActiveCfg = Release|Win32
		{C2424191-AAEB-4287-9AA6-9C4E6348C805}.Release|x86.Build.0 = Release|Win32
		{7BFE7395-CEFB-4846-98F6-5CD3BB895A51}.Debug|x64.ActiveCfg = Debug|x64
		{7BFE7395-CEFB-4846-98F6-5CD3BB895A51}.Debug|x64.Build.0 = Debug|x64
		{7BFE7395-CEFB-4846-98F6-5CD3BB895A51}.Debug|x86.ActiveCfg = Debug|Win32
		{7BFE7395-CEFB-4846-98F6-5CD3BB895A51}.Debug|x86.Build.0 = Debug|Win32
		{7BFE7395-CEFB-4846-98F6-5CD3BB895A51}.Release|x64.ActiveCfg = Release|x64
		{7BFE7395-CEFB-4846-98F6-5CD3BB895A51}.Release|x64.Build.0 = Release|x64
		{7BFE7395-CEFB-4846-98F6-5CD3BB895A51}.Release|x86.ActiveCfg = Release|Win32
		{7BFE7395-CEFB-4846-98F6-5CD3BB895A51}.Release|x86.Build.0 = Release|Win32
		{570D747E-ECE4-4E2F-921D-A7314DE0B3DD}.Debug|x64.ActiveCfg = Debug|x64
		{570D747E-ECE4-4E2F-921D-A7314DE0B3DD}.Debug|x64.Build.0 = Debug|x64
		{570D747E-ECE4-4E2F-921D-A7314DE0B3DD}.Debug|x86.ActiveCfg = Debug|Win32
		{570D747E-ECE4-4E2F-921D-A7314DE0B3DD}.Debug|x86.Build.0 = Debug|Win32
		{570D747E-ECE4-4E2F-921D-A7314DE0B3DD}.Release|x64.ActiveCfg = Release|x64
		{570D747E-ECE4-4E2F-921D-A7314DE0B3DD}.Release|x64.Build.0 = Release|x64
		{570D747E-ECE4-4E2F-921D-A7314DE0B3DD}.Release|x86.ActiveCfg = Release|Win32
		{570D747E-ECE4-4E2F-921D-A7314DE0B3DD}.Release|x86.Build.0 = Release|Win32
		{0E329D0B-7BBA-45CC-85F1-384D59A6115B}.Debug|x64.ActiveCfg = Debug|x64
		{0E329D0B-7BBA-45CC-85F1-384D59A6115B}.Debug|x64.Build.0 = Debug|x64
		{0E329D0B-7BBA-45CC-85F1-384D59A6115B}.Debug|x86.ActiveCfg = Debug|Win32
		{0E329D0B-7BBA-45CC-85F1-384D59A6115B}.Debug|x86.Build.0 = Debug|Win32
		{0E329D0B-7BBA-45CC-85F1-384D59A6115B}.Release|x64.ActiveCfg = Release|x64
		{0E329D0B-7BBA-45CC-85F1-384D59A6115B}.Release|x64.Build.0 = Release|x64
		{0E329D0B-7BBA-45CC-85F1-384D59A6115B}.Release|x86.ActiveCfg = Release|Win32
		{0E329D0B-7BBA-45CC-85F1-384D59A6115B}.Release|x86.Build.0 = Release|Win32
		{ADE3BDDA-EA38-463E-A120-225E1CE026A0}.Debug|x64.ActiveCfg = Debug|x64
		{ADE3BDDA-EA38-463E-A120-225E1CE026A0}.Debug|x64.Build.0 = Debug|x64
		{ADE3BDDA-EA38-463E-A120-225E1CE026A0}.Debug|x86.ActiveCfg = Debug|Win32
		{ADE3BDDA-EA38-463E-A120-225E1CE026A0}.Debug|x86.Build.0 = Debug|Win32
		{ADE3BDDA-EA38-463E-A120-225E1CE026A0}.Release|x64.ActiveCfg = Release|x64
		{ADE3BDDA-EA38-463E-A120-225E1CE026A0}.Release|x64.Build.0 = Release|x64
		{ADE3BDDA-EA38-463E-A120-225E1CE026A0}.Release|x86.ActiveCfg = Release|Win32
		{ADE3BDDA-EA38-463E-A120-225E1CE026A0}.Release|x86.Build.0 = Release|Win32
		{7CF0D758-F337-426C-AD4E-4C4EB98349AF}.Debug|x64.ActiveCfg = Debug|x64
		{7CF0D758-F337-426C-AD4E-4C4EB98349AF}.Debug|x64.Build.0 = Debug|x64
		{7CF0D758-F337-426C-AD4E-4C4EB98349AF}.Debug|x86.ActiveCfg = Debug|Win32
		{7CF0D758-F337-426C-AD4E-4C4EB98349AF}.Debug|x86.Build.0 = Debug|Win32
		{7CF0D758-F337-426C-AD4E-4C4EB98349AF}.Release|x64.ActiveCfg = Release|x64
		{7CF0D758-F337-426C-AD4E-4C4EB98349AF}.Release|x64.Build.0 = Release|x64
		{7CF0D758-F337-426C-AD4E-4C4EB98349AF}.Release|x86.ActiveCfg = Release|Win32
		{7CF0D758-F337-426C-AD4E-4C4EB98349AF}.Release|x86.Build.0 = Release|Win32
		{8EF0F54D-2E29-4C97-B39E-CE4F71C2DBD3}.Debug|x64.ActiveCfg = Debug|x64
		{8EF0F54D-2E29-4C97-B39E-CE4F71C2DBD3}.Debug|x64.Build.0 = Debug|x64
		{8EF0F54D-2E29-4C97-B39E-CE4F71C2DBD3}.Debug|x86.ActiveCfg = Debug|Win32
		{8EF0F54D-2E29-4C97-B39E-CE4F71C2DBD3}.Debug|x86.Build.0 = Debug|Win32
		{8EF0F54D-2E29-4C97-B39E-CE4F71C2DBD3}.Release|x64.ActiveCfg = Release|x64
		{8EF0F54D-2E29-4C97-B39E-CE4F71C2DBD3}.Release|x64.Build.0 = Release|x64
		{8EF0F54D-2E29-4C97-B39E-CE4F71C2DBD3}.Release|x86.ActiveCfg = Release|Win32
		{8EF0F54D-2E29-4C97-B39E-CE4F71C2DBD3}.Release|x86.Build.0 = Release|Win32
		{A668F148-837F-4022-9611-54EFA79AD7EA}.Debug|x64.ActiveCfg = Debug|x64
		{A668F148-837F-4022-9611-54EFA79AD7EA}.Debug|x64.Build.0 = Debug|x64
		{A668F148-837F-4022-9611-54EFA79AD7EA}.Debug|x86.ActiveCfg = Debug|Win32
		{A668F148-837F-4022-9611-54EFA79AD7EA}.Debug|x86.Build.0 = Debug|Win32
		{A668F148-837F-4022-9611-54EFA79AD7EA}.Release|x64.ActiveCfg = Release|x64
		{A668F148-837F-4022-9611-54EFA79AD7EA}.Release|x64.Build.0 = Release|x64
		{A668F148-837F-4022-9611-54EFA79AD7EA}.Release|x86.ActiveCfg = Release|Win32
		{A668F148-837F-4022-9611-54EFA79AD7EA}.Release|x86.Build.0 = Release|Win32
		{47C3BACE-752A-4381-AC38-8B1C99146B9F}.Debug|x64.ActiveCfg = Debug|x64
		{47C3BACE-752A-4381-AC38-8B1C99146B9F}.Debug|x64.Build.0 = Debug|x64
		{47C3BACE-752A-4381-AC38-8B1C99146B9F}.Debug|x86.ActiveCfg = Debug|Win32
		{47C3BACE-752A-4381-AC38-8B1C99146B9F}.Debug|x86.Build.0 = Debug|Win32
		{47C3BACE-752A-4381-AC38-8B1C99146B9F}.Release|x64.ActiveCfg = Release|x64
		{47C3BACE-752A-4381-AC38-8B1C99146B9F}.Release|x64.Build.0 = Release|x64
		{47C3BACE-752A-4381-AC38-8B1C99146B9F}.Release|x86.ActiveCfg = Release|Win32
		{47C3BACE-752A-4381-AC38-8B1C99146B9F}.Release|x86.Build.0 = Release|Win32
		{8305A84D-9349-47CB-8929-B373A8A20CA6}.Debug|x64.ActiveCfg = Debug|x64
		{8305A84D-9349-47CB-8929-B373A8A20CA6}.Debug|x64.Build.0 = Debug|x64
		{8305A84D-9349-47CB-8929-B373A8A20CA6}.Debug|x86.ActiveCfg = Debug|Win32
		{8305A84D-9349-47CB-8929-B373A8A20CA6}.Debug|x86.Build.0 = Debug|Win32
		{8305A84D-9349-47CB-8929-B373A8A20CA6}.Release|x64.ActiveCfg = Release|x64
		{8305A84D-9349-47CB-8929-B373A8A20CA6}.Release|x64.Build.0 = Release|x64
		{8305A84D-9349-47CB-8929-B373A8A20CA6}.Release|x86.ActiveCfg = Release|Win32
		{8305A84D-9349-47CB-8929-B373A8A20CA6}.Release|x86.Build.0 = Release|Win32
		{F8483445-E119-4ED0-ADA7-D4A405B95D09}.Debug|x64.ActiveCfg = Debug|x64
		{F8483445-E119-4ED0-ADA7-D4A405B95D09}.Debug|x64.Build.0 = Debug|x64
		{F8483445-E119-4ED0-ADA7-D4A405B95D09}.Debug|x86.ActiveCfg = Debug|Win32
		{F8483445-E119-4ED0-ADA7-D4A405B95D09}.Debug|x86.Build.0 = Debug|Win32
		{F8483445-E119-4ED0-ADA7-D4A405B95D09}.Release|x64.ActiveCfg = Release|x64
		{F8483445-E119-4ED0-ADA7-D4A405B95D09}.Release|x64.Build.0 = Release|x64
		{F8483445-E119-4ED0-ADA7-D4A405B95D09}.Release|x86.ActiveCfg = Release|Win32
		{F8483445-E119-4ED0-ADA7-D4A405B95D09}.Release|x86.Build.0 = Release|Win32
		{80061862-27CA-4960-883B-32111A0BA998}.Debug|x64.ActiveCfg = Debug|x64
		{80061862-27CA-4960-883B-32111A0BA998}.Debug|x64.Build.0 = Debug|x64
		{80061862-27CA-4960-883B-32111A0BA998}.Debug|x86.ActiveCfg = Debug|Win32
		{80061862-27CA-4960-883B-32111A0BA998}.Debug|x86.Build.0 = Debug|Win32
		{80061862-27CA-4960-883B-32111A0BA998}.Release|x64.ActiveCfg = Release|x64
		{80061862-27CA-4960-883B-32111A0BA998}.Release|x64.Build.0 = Release|x64
		{80061862-27CA-4960-883B-32111A0BA998}.Release|x86.ActiveCfg = Release|Win32
		{80061862-27CA-4960-883B-32111A0BA998}.Release|x86.Build.0 = Release|Win32
		{6161A15A-D43D-4628-BCF6-A5697BBBD230}.Debug|x64.ActiveCfg = Debug|x64
		{6161A15A-D43D-4628-BCF6-A5697BBBD230}.Debug|x64.Build.0 = Debug|x64
		{6161A15A-D43D-4628-BCF6-A5697BBBD230}.Debug|x86.ActiveCfg = Debug|Win32
		{6161A15A-D43D-4628-BCF6-A5697BBBD230}.Debug|x86.Build.0 = Debug|Win32
		{6161A15A-D43D-4628-BCF6-A5697BBBD230}.Release|x64.ActiveCfg = Release|x64
		{6161A15A-D43D-4628-BCF6-A5697BBBD230}.Release|x64.Build.0 = Release|x64
		{6161A15A-D43D-4628-BCF6-A5697BBBD230}.Release|x86.ActiveCfg = Release|Win32
		{6161A15A-D43D-4628-BCF6-A5697BBBD230}.Release|x86.Build.0 = Release|Win32
		{26958E2E-E226-4D86-A14B-158F2BA86637}.Debug|x64.ActiveCfg = Debug|x64
		{26958E2E-E226-4D86-A14B-158F2BA86637}.Debug|x64.Build.0 = Debug|x64
		{26958E2E-E226-4D86-A14B-158F2BA86637}.Debug|x86.ActiveCfg = Debug|Win32
		{26958E2E-E226-4D86-A14B-158F2BA86637}.Debug|x86.Build.0 = Debug|Win32
		{26958E2E-E226-4D86-A14B-158F2BA86637}.Release|x64.ActiveCfg = Release|x64
		{26958E2E-E226-4D86-A14B-158F2BA86637}.Release|x64.Build.0 = Release|x64
		{26958E2E-E226-4D86-A14B-158F2BA86637}.Release|x86.ActiveCfg = Release|Win32
		{26958E2E-E226-4D86-A14B-158F2BA86637}.Release|x86.Build.0 = Release|Win32
		{8D776403-14A5-4A1E-8BF1-C1169EF61111}.Debug|x64.ActiveCfg = Debug|x64
		{8D776403-14A5-4A1E-8BF1-C1169EF61111}.Debug|x64.Build.0 = Debug|x64
		{8D776403-14A5-4A1E-8BF1-C1169EF61111}.Debug|x86.ActiveCfg = Debug|Win32
		{8D776403-14A5-4A1E-8BF1-C1169EF61111}.Debug|x86.Build.0 = Debug|Win32
		{8D776403-14A5-4A1E-8BF1-C1169EF61111}.Release|x64.ActiveCfg = Release|x64
		{8D776403-14A5-4A1E-8BF1-C1169EF61111}.Release|x64.Build.0 = Release|x64
		{8D776403-14A5-4A1E-8BF1-C1169EF61111}.Release|x86.ActiveCfg = Release|Win32
		{8D776403-14A5-4A1E-8BF1-C1169EF61111}.Release|x86.Build.0 = Release|Win32
		{9B35AB0F-9A97-45F8-9E69-790BA2282BE2}.Debug|x64.ActiveCfg = Debug|x64
		{9B35AB0F-9A97-45F8-9E69-790BA2282BE2}.Debug|x64.Build.0 = Debug|x64
		{9B35AB0F-9A97-45F8-9E69-790BA2282BE2}.Debug|x86.ActiveCfg = Debug|Win32
		{9B35AB0F-9A97-45F8-9E69-790BA2282BE2}.Debug|x86.Build.0 = Debug|Win32
		{9B35AB0F-9A97-45F8-9E69-790BA2282BE2}.Release|x64.ActiveCfg = Release|x64
		{9B35AB0F-9A97-45F8-9E69-790BA2282BE2}.Release|x64.Build.0 = Release|x64
		{9B35AB0F-9A97-45F8-9E69-790BA2282BE2}.Release|x86.ActiveCfg = Release|Win32
		{9B35AB0F-9A97-45F8-9E69-790BA2282BE2}.Release|x86.Build.0 = Release|Win32
		{5F92ED1F-A06C-45A4-A6F9-A6F388F952AB}.Debug|x64.ActiveCfg = Debug|x64
		{5F92ED1F-A06C-45A4-A6F9-A6F388F952AB}.Debug|x64.Build.0 = Debug|x64
		{5F92ED1F-A06C-45A4-A6F9-A6F388F952AB}.Debug|x86.ActiveCfg = Debug|Win32
		{5F92ED1F-A06C-45A4-A6F9-A6F388F952AB}.Debug|x86.Build.0 = Debug|Win32
		{5F92ED1F-A06C-45A4-A6F9-A6F388F952AB}.Release|x64.ActiveCfg = Release|x64
		{5F92ED1F-A06C-45A4-A6F9-A6F388F952AB}.Release|x64.Build.0 = Release|x64
		{5F92ED1F-A06C-45A4-A6F9-A6F388F952AB}.Release|x86.ActiveCfg = Release|Win32
		{5F92ED1F-A06C-45A4-A6F9-A6F388F952AB}.Release|x86.Build.0 = Release|Win32
		{48F92719-FA23-41EF-80A5-35F043B05794}.Debug|x64.ActiveCfg = Debug|x64
		{48F92719-FA23-41EF-80A5-35F043B05794}.Debug|x64.Build.0 = Debug|x64
		{48F92719-FA23-41EF-80A5-35F043B05794}.Debug|x86.ActiveCfg = Debug|Win32
		{48F92719-FA23-41EF-80A5-35F043B05794}.Debug|x86.Build.0 = Debug|Win32
		{48F92719-FA23-41EF-80A5-35F043B05794}.Release|x64.ActiveCfg = Release|x64
		{48F92719-FA23-41EF-80A5-35F043B05794}.Release|x64.Build.0 = Release|x64
		{48F92719-FA23-41EF-80A5-35F043B05794}.Release|x86.ActiveCfg = Release|Win32
		{48F92719-FA23-41EF-80A5-35F043B05794}.Release|x86.Build.0 = Release|Win32
		{E6D2E30E-1DC4-4717-BECE-0387757C921D}.Debug|x64.ActiveCfg = Debug|x64
		{E6D2E30E-1DC4-4717-BECE-0387757C921D}.Debug|x64.Build.0 = Debug|x64
		{E6D2E30E-1DC4-4717-BECE-0387757C921D}.Debug|x86.ActiveCfg = Debug|Win32
		{E6D2E30E-1DC4-4717-BECE-0387757C921D}.Debug|x86.Build.0 = Debug|Win32
		{E6D2E30E-1DC4-4717-BECE-0387757C921D}.Release|x64.ActiveCfg = Release|x64
		{E6D2E30E-1DC4-4717-BECE-0387757C921D}.Release|x64.Build.0 = Release|x64
		{E6D2E30E-1DC4-4717-BECE-0387757C921D}.Release|x86.ActiveCfg = Release|Win32
		{E6D2E30E-1DC4-4717-BECE-0387757C921D}.Release|x86.Build.0 = Release|Win32
		{BA954984-56DD-4BBD-95B2-C59F71DC9A09}.Debug|x64.ActiveCfg = Debug|x64
		{BA954984-56DD-4BBD-95B2-C59F71DC9A09}.Debug|x64.Build.0 = Debug|x64
		{BA954984-56DD-4BBD-95B2-C59F71DC9A09}.Debug|x86.ActiveCfg = Debug|Win32
		{BA954984-56DD-4BBD-95B2-C59F71DC9A09}.Debug|x86.Build.0 = Debug|Win32
		{BA954984-56DD-4BBD-95B2-C59F71DC9A09}.Release|x64.ActiveCfg = Release|x64
		{BA954984-56DD-4BBD-95B2-C59F71DC9A09}.Release|x64.Build.0 = Release|x64
		{BA954984-56DD-4BBD-95B2-C59F71DC9A09}.Release|x86.ActiveCfg = Release|Win32
		{BA954984-56DD-4BBD-95B2-C59F71DC9A09}.Release|x86.Build.0 = Release|Win32
		{0D3A35A8-CA98-45DA-8988-C6E42AFC06EF}.Debug|x64.ActiveCfg = Debug|x64
		{0D3A35A8-CA98-45DA-8988-C6E42AFC06EF}.Debug|x64.Build.0 = Debug|x64
		{0D3A35A8-CA98-45DA-8988-C6E42AFC06EF}.Debug|x86.ActiveCfg = Debug|Win32
		{0D3A35A8-CA98-45DA-8988-C6E42AFC06EF}.Debug|x86.Build.0 = Debug|Win32
		{0D3A35A8-CA98-45DA-8988-C6E42AFC06EF}.Release|x64.ActiveCfg = Release|x64
		{0D3A35A8-CA98-45DA-8988-C6E42AFC06EF}.Release|x64.Build.0 = Release|x64
		{0D3A35A8-CA98-45DA-8988-C6E42AFC06EF}.Release|x86.ActiveCfg = Release|Win32
		{0D3A35A8-CA98-45DA-8988-C6E42AFC06EF}.Release|x86.Build.0 = Release|Win32
		{20404A48-3A9E-4BD2-89A4-5D7ED0389A22}.Debug|x64.ActiveCfg = Debug|x64
		{20404A48-3A9E-4BD2-89A4-5D7ED0389A22}.Debug|x64.Build.0 = Debug|x64
		{20404A48-3A9E-4BD2-89A4-5D7ED0389A22}.Debug|x86.ActiveCfg = Debug|Win32
		{20404A48-3A9E-4BD2-89A4-5D7ED0389A22}.Debug|x86.Build.0 = Debug|Win32
		{20404A48-3A9E-4BD2-89A4-5D7ED0389A22}.Release|x64.ActiveCfg = Release|x64
		{20404A48-3A9E-4BD2-89A4-5D7ED0389A22}.Release|x64.Build.0 = Release|x64
		{20404A48-3A9E-4BD2-89A4-5D7ED0389A22}.Release|x86.ActiveCfg = Release|Win32
		{20404A48-3A9E-4BD2-89A4-5D7ED0389A22}.Release|x86.Build.0 = Release|Win32
		{7040F00D-84EE-4032-BD6C-5CB40320A28F}.Debug|x64.ActiveCfg = Debug|x64
		{7040F00D-84EE-4032-BD6C-5CB40320A28F}.Debug|x64.Build.0 = Debug|x64
		{7040F00D-84EE-4032-BD6C-5CB40320A28F}.Debug|x86.ActiveCfg = Debug|Win32
		{7040F00D-84EE-4032-BD6C-5CB40320A28F}.Debug|x86.Build.0 = Debug|Win32
		{7040F00D-84EE-4032-BD6C-5CB40320A28F}.Release|x64.ActiveCfg = Release|x64
		{7040F00D-84EE-4032-BD6C-5CB40320A28F}.Release|x64.Build.0 = Release|x64
		{7040F00D-84EE-4032-BD6C-5CB40320A28F}.Release|x86.ActiveCfg = Release|Win32
		{7040F00D-84EE-4032-BD6C-5CB40320A28F}.Release|x86.Build.0 = Release|Win32
		{D56D6728-595E-4627-BCCE-CCE50E339C46}.Debug|x64.ActiveCfg = Debug|x64
		{D56D6728-595E-4627-BCCE-CCE50E339C46}.Debug|x64.Build.0 = Debug|x64
		{D56D6728-595E-4627-BCCE-CCE50E339C46}.Debug|x86.ActiveCfg = Debug|Win32
		{D56D6728-595E-4627-BCCE-CCE50E339C46}.Debug|x86.Build.0 = Debug|Win32
		{D56D6728-595E-4627-BCCE-CCE50E339C46}.Release|x64.ActiveCfg = Release|x64
		{D56D6728-595E-4627-BCCE-CCE50E339C46}.Release|x64.Build.0 = Release|x64
		{D56D6728-595E-4627-BCCE-CCE50E339C46}.Release|x86.ActiveCfg = Release|Win32
		{D56D6728-595E-4627-BCCE-CCE50E339C46}.Release|x86.Build.0 = Release|Win32
		{2784FF7F-DB6A-4C69-8D1D-137F28C19FD7}.Debug|x64.ActiveCfg = Debug|x64
		{2784FF7F-DB6A-4C69-8D1D-137F28C19FD7}.Debug|x64.Build.0 = Debug|x64
		{2784FF7F-DB6A-4C69-8D1D-137F28C19FD7}.Debug|x86.ActiveCfg = Debug|Win32
		{2784FF7F-DB6A-4C69-8D1D-137F28C19FD7}.Debug|x86.Build.0 = Debug|Win32
		{2784FF7F-DB6A-4C69-8D1D-137F28C19FD7}.Release|x64.ActiveCfg = Release|x64
		{2784FF7F-DB6A-4C69-8D1D-137F28C19FD7}.Release|x64.Build.0 = Release|x64
		{2784FF7F-DB6A-4C69-8D1D-137F28C19FD7}.Release|x86.ActiveCfg = Release|Win32
		{2784FF7F-DB6A-4C69-8D1D-137F28C19FD7}.Release|x86.Build.0 = Release|Win32
		{6F679DB9-240A-4625-8BD4-86E8A6E95E00}.Debug|x64.ActiveCfg = Debug|x64
		{6F679DB9-240A-4625-8BD4-86E8A6E95E00}.Debug|x64.Build.0 = Debug|x64
		{6F679DB9-240A-4625-8BD4-86E8A6E95E00}.Debug|x86.ActiveCfg = Debug|Win32
		{6F679DB9-240A-4625-8BD4-86E8A6E95E00}.Debug|x86.Build.0 = Debug|Win32
		{6F679DB9-240A-4625-8BD4-86E8A6E95E00}.Release|x64.ActiveCfg = Release|x64
		{6F679DB9-240A-4625-8BD4-86E8A6E95E00}.Release|x64.Build.0 = Release|x64
		{6F679DB9-240A-4625-8BD4-86E8A6E95E00}.Release|x86.ActiveCfg = Release|Win32
		{6F679DB9-240A-4625-8BD4-86E8A6E95E00}.Release|x86.Build.0 = Release|Win32
		{E56D765F-E4BC-40E4-AA29-232C01EFC110}.Debug|x64.ActiveCfg = Debug|x64
		{E56D765F-E4BC-40E4-AA29-232C01EFC110}.Debug|x64.Build.0 = Debug|x64
		{E56D765F-E4BC-40E4-AA29-232C01EFC110}.Debug|x86.ActiveCfg = Debug|Win32
		{E56D765F-E4BC-40E4-AA29-232C01EFC110}.Debug|x86.Build.0 = Debug|Win32
		{E56D765F-E4BC-40E4-AA29-232C01EFC110}.Release|x64.ActiveCfg = Release|x64
		{E56D765F-E4BC-40E4-AA29-232C01EFC110}.Release|x64.Build.0 = Release|x64
		{E56D765F-E4BC-40E4-AA29-232C01EFC110}.Release|x86.ActiveCfg = Release|Win32
		{E56D765F-E4BC-40E4-AA29-232C01EFC110}.Release|x86.Build.0 = Release|Win32
		{EC3B9AE0-8CD9-42E2-AE08-7F973D010FB8}.Debug|x64.ActiveCfg = Debug|x64
		{EC3B9AE0-8CD9-42E2-AE08-7F973D010FB8}.Debug|x64.Build.0 = Debug|x64
		{EC3B9AE0-8CD9-42E2-AE08-7F973D010FB8}.Debug|x86.ActiveCfg = Debug|Win32
		{EC3B9AE0-8CD9-42E2-AE08-7F973D010FB8}.Debug|x86.Build.0 = Debug|Win32
		{EC3B9AE0-8CD9-42E2-AE08-7F973D010FB8}.Release|x64.ActiveCfg = Release|x64
		{EC3B9AE0-8CD9-42E2-AE08-7F973D010FB8}.Release|x64.Build.0 = Release|x64
		{EC3B9AE0-8CD9-42E2-AE08-7F973D010FB8}.Release|x86.ActiveCfg = Release|Win32
		{EC3B9AE0-8CD9-42E2-AE08-7F973D010FB8}.Release|x86.Build.0 = Release|Win32
		{D977C379-3815-428C-B85C-F85F030D7ABB}.Debug|x64.ActiveCfg = Debug|x64
		{D977C379-3815-428C-B85C-F85F030D7ABB}.Debug|x64.Build.0 = Debug|x64
		{D977C379-3815-428C-B85C-F85F030D7ABB}.Debug|x86.ActiveCfg = Debug|Win32
		{D977C379-3815-428C-B85C-F85F030D7ABB}.Debug|x86.Build.0 = Debug|Win32
		{D977C379-3815-428C-B85C-F85F030D7ABB}.Release|x64.ActiveCfg = Release|x64
		{D977C379-3815-428C-B85C-F85F030D7ABB}.Release|x64.Build.0 = Release|x64
		{D977C379-3815-428C-B85C-F85F030D7ABB}.Release|x86.ActiveCfg = Release|Win32
		{D977C379-3815-428C-B85C-F85F030D7ABB}.Release|x86.Build.0 = Release|Win32
		{26806030-7874-4D64-8425-D68A868FD4A0}.Debug|x64.ActiveCfg = Debug|x64
		{26806030-7874-4D64-8425-D68A868FD4A0}.Debug|x64.Build.0 = Debug|x64
		{26806030-7874-4D64-8425-D68A868FD4A0}.Debug|x86.ActiveCfg = Debug|Win32
		{26806030-7874-4D64-8425-D68A868FD4A0}.Debug|x86.Build.0 = Debug|Win32
		{26806030-7874-4D64-8425-D68A868FD4A0}.Release|x64.ActiveCfg = Release|x64
		{26806030-7874-4D64-8425-D68A868FD4A0}.Release|x64.Build.0 = Release|x64
		{26806030-7874-4D64-8425-D68A868FD4A0}.Release|x86.ActiveCfg = Release|Win32
		{26806030-7874-4D64-8425-D68A868FD4A0}.Release|x86.Build.0 = Release|Win32
		{651A3722-1FCB-4A65-9060-D0AC9B05B1E5}.Debug|x64.ActiveCfg = Debug|x64
		{651A3722-1FCB-4A65-9060-D0AC9B05B1E5}.Debug|x64.Build.0 = Debug|x64
		{651A3722-1FCB-4A65-9060-D0AC9B05B1E5}.Debug|x86.ActiveCfg = Debug|Win32
		{651A3722-1FCB-4A65-9060-D0AC9B05B1E5}.Debug|x86.Build.0 = Debug|Win32
		{651A3722-1FCB-4A65-9060-D0AC9B05B1E5}.Release|x64.ActiveCfg = Release|x64
		{651A3722-1FCB-4A65-9060-D0AC9B05B1E5}.Release|x64.Build.0 = Release|x64
		{651A3722-1FCB-4A65-9060-D0AC9B05B1E5}.Release|x86.ActiveCfg = Release|Win32
		{651A3722-1FCB-4A65-9060-D0AC9B05B1E5}.Release|x86.Build.0 = Release|Win32
		{00605398-A130-4719-B926-D926DF97C18F}.Debug|x64.ActiveCfg = Debug|x64
		{00605398-A130-4719-B926-D926DF97C18F}.Debug|x64.Build.0 = Debug|x64
		{00605398-A130-4719-B926-D926DF97C18F}.Debug|x86.ActiveCfg = Debug|Win32
		{00605398-A130-4719-B926-D926DF97C18F}.Debug|x86.Build.0 = Debug|Win32
		{00605398-A130-4719-B926-D926DF97C18F}.Release|x64.ActiveCfg = Release|x64
		{00605398-A130-4719-B926-D926DF97C18F}.Release|x64.Build.0 = Release|x64
		{00605398-A130-4719-B926-D926DF97C18F}.Release|x86.ActiveCfg = Release|Win32
		{00605398-A130-4719-B926-D926DF97C18F}.Release|x86.Build.0 = Release|Win32
		{4C03BB7D-4974-4688-83E6-2BD0D39BB0C5}.Debug|x64.ActiveCfg = Debug|x64
		{4C03BB7D-4974-4688-83E6-2BD0D39BB0C5}.Debug|x64.Build.0 = Debug|x64
		{4C03BB7D-4974-4688-83E6-2BD0D39BB0C5}.Debug|x86.ActiveCfg = Debug|Win32
		{4C03BB7D-4974-4688-83E6-2BD0D39BB0C5}.Debug|x86.Build.0 = Debug|Win32
		{4C03BB7D-4974-4688-83E6-2BD0D39BB0C5}.Release|x64.ActiveCfg = Release|x64
		{4C03BB7D-4974-4688-83E6-2BD0D39BB0C5}.Release|x64.Build.0 = Release|x64
		{4C03BB7D-4974-4688-83E6-2BD0D39BB0C5}.Release|x86.ActiveCfg = Release|Win32
		{4C03BB7D-4974-4688-83E6-2BD0D39BB0C5}.Release|x86.Build.0 = Release|Win32
		{EE6A95DD-4C55-42BC-9235-5C16D81989F8}.Debug|x64.ActiveCfg = Debug|x64
		{EE6A95DD-4C55-42BC-9235-5C16D81989F8}.Debug|x64.Build.0 = Debug|x64
		{EE6A95DD-4C55-42BC-9235-5C16D81989F8}.Debug|x86.ActiveCfg = Debug|Win32
		{EE6A95DD-4C55-42BC-9235-5C16D81989F8}.Debug|x86.Build.0 = Debug|Win32
		{EE6A95DD-4C55-42BC-9235-5C16D81989F8}.Release|x64.ActiveCfg = Release|x64
		{EE6A95DD-4C55-42BC-9235-5C16D81989F8}.Release|x64.Build.0 = Release|x64
		{EE6A95DD-4C55-42BC-9235-5C16D81989F8}.Release|x86.ActiveCfg = Release|Win32
		{EE6A95DD-4C55-42BC-9235-5C16D81989F8}.Release|x86.Build.0 = Release|Win32
		{FB6BFE01-6955-47B8-AC35-9ABFDEEF8023}.Debug|x64.ActiveCfg = Debug|x64
		{FB6BFE01-6955-47B8-AC35-9ABFDEEF8023}.Debug|x64.Build.0 = Debug|x64
		{FB6BFE01-6955-47B8-AC35-9ABFDEEF8023}.Debug|x86.ActiveCfg = Debug|Win32
		{FB6BFE01-6955-47B8-AC35-9ABFDEEF8023}.Debug|x86.Build.0 = Debug|Win32
		{FB6BFE01-6955-47B8-AC35-9ABFDEEF8023}.Release|x64.ActiveCfg = Release|x64
		{FB6BFE01-6955-47B8-AC35-9ABFDEEF8023}.Release|x64.Build.0 = Release|x64
		{FB6BFE01-6955-47B8-AC35-9ABFDEEF8023}.Release|x86.ActiveCfg = Release|Win32
		{FB6BFE01-6955-47B8-AC35-9ABFDEEF8023}.Release|x86.Build.0 = Release|Win32
	EndGlobalSection
	GlobalSection(SolutionProperties) = preSolution
		HideSolutionNode = FALSE
	EndGlobalSection
	GlobalSection(ExtensibilityGlobals) = postSolution
		SolutionGuid = {35A012A3-5766-4B4C-AF1A-1E6BD2F64AB9}
	EndGlobalSection
EndGlobal
