
Microsoft Visual Studio Solution File, Format Version 12.00
# Visual Studio Version 17
VisualStudioVersion = 17.2.32616.157
MinimumVisualStudioVersion = 10.0.40219.1
Project("{8BC9CEB8-8B4A-11D0-8D11-00A0C91BC942}") = "Wyjatki", "Wyjatki\Wyjatki.vcxproj", "{351613E8-D1E8-4D6C-B283-D17078035D67}"
EndProject
Project("{8BC9CEB8-8B4A-11D0-8D11-00A0C91BC942}") = "Template", "Template\Template.vcxproj", "{CD6687D5-6847-4F5A-9343-D4AA67D11FA3}"
EndProject
Project("{8BC9CEB8-8B4A-11D0-8D11-00A0C91BC942}") = "SmartPointers", "SmartPointers\SmartPointers.vcxproj", "{D8D338A6-DC13-490A-AB46-D60856C15524}"
EndProject
Global
	GlobalSection(SolutionConfigurationPlatforms) = preSolution
		Debug|x64 = Debug|x64
		Debug|x86 = Debug|x86
		Release|x64 = Release|x64
		Release|x86 = Release|x86
	EndGlobalSection
	GlobalSection(ProjectConfigurationPlatforms) = postSolution
		{351613E8-D1E8-4D6C-B283-D17078035D67}.Debug|x64.ActiveCfg = Debug|x64
		{351613E8-D1E8-4D6C-B283-D17078035D67}.Debug|x64.Build.0 = Debug|x64
		{351613E8-D1E8-4D6C-B283-D17078035D67}.Debug|x86.ActiveCfg = Debug|Win32
		{351613E8-D1E8-4D6C-B283-D17078035D67}.Debug|x86.Build.0 = Debug|Win32
		{351613E8-D1E8-4D6C-B283-D17078035D67}.Release|x64.ActiveCfg = Release|x64
		{351613E8-D1E8-4D6C-B283-D17078035D67}.Release|x64.Build.0 = Release|x64
		{351613E8-D1E8-4D6C-B283-D17078035D67}.Release|x86.ActiveCfg = Release|Win32
		{351613E8-D1E8-4D6C-B283-D17078035D67}.Release|x86.Build.0 = Release|Win32
		{CD6687D5-6847-4F5A-9343-D4AA67D11FA3}.Debug|x64.ActiveCfg = Debug|x64
		{CD6687D5-6847-4F5A-9343-D4AA67D11FA3}.Debug|x64.Build.0 = Debug|x64
		{CD6687D5-6847-4F5A-9343-D4AA67D11FA3}.Debug|x86.ActiveCfg = Debug|Win32
		{CD6687D5-6847-4F5A-9343-D4AA67D11FA3}.Debug|x86.Build.0 = Debug|Win32
		{CD6687D5-6847-4F5A-9343-D4AA67D11FA3}.Release|x64.ActiveCfg = Release|x64
		{CD6687D5-6847-4F5A-9343-D4AA67D11FA3}.Release|x64.Build.0 = Release|x64
		{CD6687D5-6847-4F5A-9343-D4AA67D11FA3}.Release|x86.ActiveCfg = Release|Win32
		{CD6687D5-6847-4F5A-9343-D4AA67D11FA3}.Release|x86.Build.0 = Release|Win32
		{D8D338A6-DC13-490A-AB46-D60856C15524}.Debug|x64.ActiveCfg = Debug|x64
		{D8D338A6-DC13-490A-AB46-D60856C15524}.Debug|x64.Build.0 = Debug|x64
		{D8D338A6-DC13-490A-AB46-D60856C15524}.Debug|x86.ActiveCfg = Debug|Win32
		{D8D338A6-DC13-490A-AB46-D60856C15524}.Debug|x86.Build.0 = Debug|Win32
		{D8D338A6-DC13-490A-AB46-D60856C15524}.Release|x64.ActiveCfg = Release|x64
		{D8D338A6-DC13-490A-AB46-D60856C15524}.Release|x64.Build.0 = Release|x64
		{D8D338A6-DC13-490A-AB46-D60856C15524}.Release|x86.ActiveCfg = Release|Win32
		{D8D338A6-DC13-490A-AB46-D60856C15524}.Release|x86.Build.0 = Release|Win32
	EndGlobalSection
	GlobalSection(SolutionProperties) = preSolution
		HideSolutionNode = FALSE
	EndGlobalSection
	GlobalSection(ExtensibilityGlobals) = postSolution
		SolutionGuid = {0B06D980-6C71-4388-8B1C-8A4A50B6F03C}
	EndGlobalSection
EndGlobal
