
Microsoft Visual Studio Solution File, Format Version 12.00
# Visual Studio Version 17
VisualStudioVersion = 17.1.32328.378
MinimumVisualStudioVersion = 10.0.40219.1
Project("{8BC9CEB8-8B4A-11D0-8D11-00A0C91BC942}") = "Technologie", "Technologie\Technologie.vcxproj", "{2FE9C900-4A5D-4994-A698-D320EBB49266}"
EndProject
Project("{8BC9CEB8-8B4A-11D0-8D11-00A0C91BC942}") = "referencje brudnopis", "referencje brudnopis\referencje brudnopis.vcxproj", "{BCB4FA31-3DD1-4942-A2D4-DE7DC9BFE051}"
EndProject
Project("{8BC9CEB8-8B4A-11D0-8D11-00A0C91BC942}") = "zad2", "zad2]\zad2].vcxproj", "{0ECCEEF0-C136-47C3-AB36-C4593B7EA8A6}"
EndProject
Project("{8BC9CEB8-8B4A-11D0-8D11-00A0C91BC942}") = "zad 3", "zad 3\zad 3.vcxproj", "{95FC2100-ECB9-40AB-9BAE-48A7A09BB2C2}"
EndProject
Project("{8BC9CEB8-8B4A-11D0-8D11-00A0C91BC942}") = "zadanie 4", "zadanie 4\zadanie 4.vcxproj", "{AB70CCBE-4ACA-460E-994E-AD69E09C895E}"
EndProject
Project("{8BC9CEB8-8B4A-11D0-8D11-00A0C91BC942}") = "proby", "proby\proby.vcxproj", "{4C4F6C83-8065-42ED-B1FF-22F840255744}"
EndProject
Project("{8BC9CEB8-8B4A-11D0-8D11-00A0C91BC942}") = "zad2.2", "zad2.2\zad2.2.vcxproj", "{22A174B4-B626-4D12-8A30-A5B4F3B7803A}"
EndProject
Project("{8BC9CEB8-8B4A-11D0-8D11-00A0C91BC942}") = "zad5", "zad5\zad5.vcxproj", "{5372C282-ACBB-4550-8358-38A113BB4F17}"
EndProject
Project("{8BC9CEB8-8B4A-11D0-8D11-00A0C91BC942}") = "zad.7", "zad.7\zad.7.vcxproj", "{A09E1461-CBFE-4E00-8321-8DB956907ED4}"
EndProject
Project("{8BC9CEB8-8B4A-11D0-8D11-00A0C91BC942}") = "wskaznik i referencja", "wskaznik i referencja\wskaznik i referencja.vcxproj", "{606B0F45-0685-441A-83FE-8BF96451D8F8}"
EndProject
Project("{8BC9CEB8-8B4A-11D0-8D11-00A0C91BC942}") = "zadanie 9", "zadanie 9\zadanie 9.vcxproj", "{F070478D-3584-440D-A0F4-4C7FF0B144D8}"
EndProject
Project("{8BC9CEB8-8B4A-11D0-8D11-00A0C91BC942}") = "zadanie 10", "zadanie 10\zadanie 10.vcxproj", "{D0BC5911-CC06-46A0-AE6B-70F060054BEF}"
EndProject
Project("{8BC9CEB8-8B4A-11D0-8D11-00A0C91BC942}") = "zadanie 11", "zadanie 11\zadanie 11.vcxproj", "{EB45943D-0ED9-4BBB-9D57-8856FB3B0515}"
EndProject
Global
	GlobalSection(SolutionConfigurationPlatforms) = preSolution
		Debug|x64 = Debug|x64
		Debug|x86 = Debug|x86
		Release|x64 = Release|x64
		Release|x86 = Release|x86
	EndGlobalSection
	GlobalSection(ProjectConfigurationPlatforms) = postSolution
		{2FE9C900-4A5D-4994-A698-D320EBB49266}.Debug|x64.ActiveCfg = Debug|x64
		{2FE9C900-4A5D-4994-A698-D320EBB49266}.Debug|x64.Build.0 = Debug|x64
		{2FE9C900-4A5D-4994-A698-D320EBB49266}.Debug|x86.ActiveCfg = Debug|Win32
		{2FE9C900-4A5D-4994-A698-D320EBB49266}.Debug|x86.Build.0 = Debug|Win32
		{2FE9C900-4A5D-4994-A698-D320EBB49266}.Release|x64.ActiveCfg = Release|x64
		{2FE9C900-4A5D-4994-A698-D320EBB49266}.Release|x64.Build.0 = Release|x64
		{2FE9C900-4A5D-4994-A698-D320EBB49266}.Release|x86.ActiveCfg = Release|Win32
		{2FE9C900-4A5D-4994-A698-D320EBB49266}.Release|x86.Build.0 = Release|Win32
		{BCB4FA31-3DD1-4942-A2D4-DE7DC9BFE051}.Debug|x64.ActiveCfg = Debug|x64
		{BCB4FA31-3DD1-4942-A2D4-DE7DC9BFE051}.Debug|x64.Build.0 = Debug|x64
		{BCB4FA31-3DD1-4942-A2D4-DE7DC9BFE051}.Debug|x86.ActiveCfg = Debug|Win32
		{BCB4FA31-3DD1-4942-A2D4-DE7DC9BFE051}.Debug|x86.Build.0 = Debug|Win32
		{BCB4FA31-3DD1-4942-A2D4-DE7DC9BFE051}.Release|x64.ActiveCfg = Release|x64
		{BCB4FA31-3DD1-4942-A2D4-DE7DC9BFE051}.Release|x64.Build.0 = Release|x64
		{BCB4FA31-3DD1-4942-A2D4-DE7DC9BFE051}.Release|x86.ActiveCfg = Release|Win32
		{BCB4FA31-3DD1-4942-A2D4-DE7DC9BFE051}.Release|x86.Build.0 = Release|Win32
		{0ECCEEF0-C136-47C3-AB36-C4593B7EA8A6}.Debug|x64.ActiveCfg = Debug|x64
		{0ECCEEF0-C136-47C3-AB36-C4593B7EA8A6}.Debug|x64.Build.0 = Debug|x64
		{0ECCEEF0-C136-47C3-AB36-C4593B7EA8A6}.Debug|x86.ActiveCfg = Debug|Win32
		{0ECCEEF0-C136-47C3-AB36-C4593B7EA8A6}.Debug|x86.Build.0 = Debug|Win32
		{0ECCEEF0-C136-47C3-AB36-C4593B7EA8A6}.Release|x64.ActiveCfg = Release|x64
		{0ECCEEF0-C136-47C3-AB36-C4593B7EA8A6}.Release|x64.Build.0 = Release|x64
		{0ECCEEF0-C136-47C3-AB36-C4593B7EA8A6}.Release|x86.ActiveCfg = Release|Win32
		{0ECCEEF0-C136-47C3-AB36-C4593B7EA8A6}.Release|x86.Build.0 = Release|Win32
		{95FC2100-ECB9-40AB-9BAE-48A7A09BB2C2}.Debug|x64.ActiveCfg = Debug|x64
		{95FC2100-ECB9-40AB-9BAE-48A7A09BB2C2}.Debug|x64.Build.0 = Debug|x64
		{95FC2100-ECB9-40AB-9BAE-48A7A09BB2C2}.Debug|x86.ActiveCfg = Debug|Win32
		{95FC2100-ECB9-40AB-9BAE-48A7A09BB2C2}.Debug|x86.Build.0 = Debug|Win32
		{95FC2100-ECB9-40AB-9BAE-48A7A09BB2C2}.Release|x64.ActiveCfg = Release|x64
		{95FC2100-ECB9-40AB-9BAE-48A7A09BB2C2}.Release|x64.Build.0 = Release|x64
		{95FC2100-ECB9-40AB-9BAE-48A7A09BB2C2}.Release|x86.ActiveCfg = Release|Win32
		{95FC2100-ECB9-40AB-9BAE-48A7A09BB2C2}.Release|x86.Build.0 = Release|Win32
		{AB70CCBE-4ACA-460E-994E-AD69E09C895E}.Debug|x64.ActiveCfg = Debug|x64
		{AB70CCBE-4ACA-460E-994E-AD69E09C895E}.Debug|x64.Build.0 = Debug|x64
		{AB70CCBE-4ACA-460E-994E-AD69E09C895E}.Debug|x86.ActiveCfg = Debug|Win32
		{AB70CCBE-4ACA-460E-994E-AD69E09C895E}.Debug|x86.Build.0 = Debug|Win32
		{AB70CCBE-4ACA-460E-994E-AD69E09C895E}.Release|x64.ActiveCfg = Release|x64
		{AB70CCBE-4ACA-460E-994E-AD69E09C895E}.Release|x64.Build.0 = Release|x64
		{AB70CCBE-4ACA-460E-994E-AD69E09C895E}.Release|x86.ActiveCfg = Release|Win32
		{AB70CCBE-4ACA-460E-994E-AD69E09C895E}.Release|x86.Build.0 = Release|Win32
		{4C4F6C83-8065-42ED-B1FF-22F840255744}.Debug|x64.ActiveCfg = Debug|x64
		{4C4F6C83-8065-42ED-B1FF-22F840255744}.Debug|x64.Build.0 = Debug|x64
		{4C4F6C83-8065-42ED-B1FF-22F840255744}.Debug|x86.ActiveCfg = Debug|Win32
		{4C4F6C83-8065-42ED-B1FF-22F840255744}.Debug|x86.Build.0 = Debug|Win32
		{4C4F6C83-8065-42ED-B1FF-22F840255744}.Release|x64.ActiveCfg = Release|x64
		{4C4F6C83-8065-42ED-B1FF-22F840255744}.Release|x64.Build.0 = Release|x64
		{4C4F6C83-8065-42ED-B1FF-22F840255744}.Release|x86.ActiveCfg = Release|Win32
		{4C4F6C83-8065-42ED-B1FF-22F840255744}.Release|x86.Build.0 = Release|Win32
		{22A174B4-B626-4D12-8A30-A5B4F3B7803A}.Debug|x64.ActiveCfg = Debug|x64
		{22A174B4-B626-4D12-8A30-A5B4F3B7803A}.Debug|x64.Build.0 = Debug|x64
		{22A174B4-B626-4D12-8A30-A5B4F3B7803A}.Debug|x86.ActiveCfg = Debug|Win32
		{22A174B4-B626-4D12-8A30-A5B4F3B7803A}.Debug|x86.Build.0 = Debug|Win32
		{22A174B4-B626-4D12-8A30-A5B4F3B7803A}.Release|x64.ActiveCfg = Release|x64
		{22A174B4-B626-4D12-8A30-A5B4F3B7803A}.Release|x64.Build.0 = Release|x64
		{22A174B4-B626-4D12-8A30-A5B4F3B7803A}.Release|x86.ActiveCfg = Release|Win32
		{22A174B4-B626-4D12-8A30-A5B4F3B7803A}.Release|x86.Build.0 = Release|Win32
		{5372C282-ACBB-4550-8358-38A113BB4F17}.Debug|x64.ActiveCfg = Debug|x64
		{5372C282-ACBB-4550-8358-38A113BB4F17}.Debug|x64.Build.0 = Debug|x64
		{5372C282-ACBB-4550-8358-38A113BB4F17}.Debug|x86.ActiveCfg = Debug|Win32
		{5372C282-ACBB-4550-8358-38A113BB4F17}.Debug|x86.Build.0 = Debug|Win32
		{5372C282-ACBB-4550-8358-38A113BB4F17}.Release|x64.ActiveCfg = Release|x64
		{5372C282-ACBB-4550-8358-38A113BB4F17}.Release|x64.Build.0 = Release|x64
		{5372C282-ACBB-4550-8358-38A113BB4F17}.Release|x86.ActiveCfg = Release|Win32
		{5372C282-ACBB-4550-8358-38A113BB4F17}.Release|x86.Build.0 = Release|Win32
		{A09E1461-CBFE-4E00-8321-8DB956907ED4}.Debug|x64.ActiveCfg = Debug|x64
		{A09E1461-CBFE-4E00-8321-8DB956907ED4}.Debug|x64.Build.0 = Debug|x64
		{A09E1461-CBFE-4E00-8321-8DB956907ED4}.Debug|x86.ActiveCfg = Debug|Win32
		{A09E1461-CBFE-4E00-8321-8DB956907ED4}.Debug|x86.Build.0 = Debug|Win32
		{A09E1461-CBFE-4E00-8321-8DB956907ED4}.Release|x64.ActiveCfg = Release|x64
		{A09E1461-CBFE-4E00-8321-8DB956907ED4}.Release|x64.Build.0 = Release|x64
		{A09E1461-CBFE-4E00-8321-8DB956907ED4}.Release|x86.ActiveCfg = Release|Win32
		{A09E1461-CBFE-4E00-8321-8DB956907ED4}.Release|x86.Build.0 = Release|Win32
		{606B0F45-0685-441A-83FE-8BF96451D8F8}.Debug|x64.ActiveCfg = Debug|x64
		{606B0F45-0685-441A-83FE-8BF96451D8F8}.Debug|x64.Build.0 = Debug|x64
		{606B0F45-0685-441A-83FE-8BF96451D8F8}.Debug|x86.ActiveCfg = Debug|Win32
		{606B0F45-0685-441A-83FE-8BF96451D8F8}.Debug|x86.Build.0 = Debug|Win32
		{606B0F45-0685-441A-83FE-8BF96451D8F8}.Release|x64.ActiveCfg = Release|x64
		{606B0F45-0685-441A-83FE-8BF96451D8F8}.Release|x64.Build.0 = Release|x64
		{606B0F45-0685-441A-83FE-8BF96451D8F8}.Release|x86.ActiveCfg = Release|Win32
		{606B0F45-0685-441A-83FE-8BF96451D8F8}.Release|x86.Build.0 = Release|Win32
		{F070478D-3584-440D-A0F4-4C7FF0B144D8}.Debug|x64.ActiveCfg = Debug|x64
		{F070478D-3584-440D-A0F4-4C7FF0B144D8}.Debug|x64.Build.0 = Debug|x64
		{F070478D-3584-440D-A0F4-4C7FF0B144D8}.Debug|x86.ActiveCfg = Debug|Win32
		{F070478D-3584-440D-A0F4-4C7FF0B144D8}.Debug|x86.Build.0 = Debug|Win32
		{F070478D-3584-440D-A0F4-4C7FF0B144D8}.Release|x64.ActiveCfg = Release|x64
		{F070478D-3584-440D-A0F4-4C7FF0B144D8}.Release|x64.Build.0 = Release|x64
		{F070478D-3584-440D-A0F4-4C7FF0B144D8}.Release|x86.ActiveCfg = Release|Win32
		{F070478D-3584-440D-A0F4-4C7FF0B144D8}.Release|x86.Build.0 = Release|Win32
		{D0BC5911-CC06-46A0-AE6B-70F060054BEF}.Debug|x64.ActiveCfg = Debug|x64
		{D0BC5911-CC06-46A0-AE6B-70F060054BEF}.Debug|x64.Build.0 = Debug|x64
		{D0BC5911-CC06-46A0-AE6B-70F060054BEF}.Debug|x86.ActiveCfg = Debug|Win32
		{D0BC5911-CC06-46A0-AE6B-70F060054BEF}.Debug|x86.Build.0 = Debug|Win32
		{D0BC5911-CC06-46A0-AE6B-70F060054BEF}.Release|x64.ActiveCfg = Release|x64
		{D0BC5911-CC06-46A0-AE6B-70F060054BEF}.Release|x64.Build.0 = Release|x64
		{D0BC5911-CC06-46A0-AE6B-70F060054BEF}.Release|x86.ActiveCfg = Release|Win32
		{D0BC5911-CC06-46A0-AE6B-70F060054BEF}.Release|x86.Build.0 = Release|Win32
		{EB45943D-0ED9-4BBB-9D57-8856FB3B0515}.Debug|x64.ActiveCfg = Debug|x64
		{EB45943D-0ED9-4BBB-9D57-8856FB3B0515}.Debug|x64.Build.0 = Debug|x64
		{EB45943D-0ED9-4BBB-9D57-8856FB3B0515}.Debug|x86.ActiveCfg = Debug|Win32
		{EB45943D-0ED9-4BBB-9D57-8856FB3B0515}.Debug|x86.Build.0 = Debug|Win32
		{EB45943D-0ED9-4BBB-9D57-8856FB3B0515}.Release|x64.ActiveCfg = Release|x64
		{EB45943D-0ED9-4BBB-9D57-8856FB3B0515}.Release|x64.Build.0 = Release|x64
		{EB45943D-0ED9-4BBB-9D57-8856FB3B0515}.Release|x86.ActiveCfg = Release|Win32
		{EB45943D-0ED9-4BBB-9D57-8856FB3B0515}.Release|x86.Build.0 = Release|Win32
	EndGlobalSection
	GlobalSection(SolutionProperties) = preSolution
		HideSolutionNode = FALSE
	EndGlobalSection
	GlobalSection(ExtensibilityGlobals) = postSolution
		SolutionGuid = {E50A42BE-2F5E-4B6A-A8E5-E495CFFFE377}
	EndGlobalSection
EndGlobal
